
Microsoft Visual Studio Solution File, Format Version 12.00
# Visual Studio Version 16
VisualStudioVersion = 16.0.31205.134
MinimumVisualStudioVersion = 10.0.40219.1
Project("{FAE04EC0-301F-11D3-BF4B-00C04F79EFBC}") = "CADPets", "CADPets\CADPets.csproj", "{8B31F392-0291-442E-98A3-94DCF243518C}"
EndProject
Global
	GlobalSection(SolutionConfigurationPlatforms) = preSolution
		Debug|Any CPU = Debug|Any CPU
		Release|Any CPU = Release|Any CPU
	EndGlobalSection
	GlobalSection(ProjectConfigurationPlatforms) = postSolution
		{8B31F392-0291-442E-98A3-94DCF243518C}.Debug|Any CPU.ActiveCfg = Debug|Any CPU
		{8B31F392-0291-442E-98A3-94DCF243518C}.Debug|Any CPU.Build.0 = Debug|Any CPU
		{8B31F392-0291-442E-98A3-94DCF243518C}.Release|Any CPU.ActiveCfg = Release|Any CPU
		{8B31F392-0291-442E-98A3-94DCF243518C}.Release|Any CPU.Build.0 = Release|Any CPU
	EndGlobalSection
	GlobalSection(SolutionProperties) = preSolution
		HideSolutionNode = FALSE
	EndGlobalSection
	GlobalSection(ExtensibilityGlobals) = postSolution
		SolutionGuid = {B3B9CF04-0C15-4375-B809-9D8ED3145B2D}
	EndGlobalSection
EndGlobal
